
Microsoft Visual Studio Solution File, Format Version 12.00
# Visual Studio Version 17
VisualStudioVersion = 17.13.35919.96 d17.13
MinimumVisualStudioVersion = 10.0.40219.1
Project("{FAE04EC0-301F-11D3-BF4B-00C04F79EFBC}") = "Daily.Assg 1", "Daily.Assg 1\Daily.Assg 1.csproj", "{7A514701-2626-4324-AD04-AC78F7F420D0}"
EndProject
Global
	GlobalSection(SolutionConfigurationPlatforms) = preSolution
		Debug|Any CPU = Debug|Any CPU
		Release|Any CPU = Release|Any CPU
	EndGlobalSection
	GlobalSection(ProjectConfigurationPlatforms) = postSolution
		{7A514701-2626-4324-AD04-AC78F7F420D0}.Debug|Any CPU.ActiveCfg = Debug|Any CPU
		{7A514701-2626-4324-AD04-AC78F7F420D0}.Debug|Any CPU.Build.0 = Debug|Any CPU
		{7A514701-2626-4324-AD04-AC78F7F420D0}.Release|Any CPU.ActiveCfg = Release|Any CPU
		{7A514701-2626-4324-AD04-AC78F7F420D0}.Release|Any CPU.Build.0 = Release|Any CPU
	EndGlobalSection
	GlobalSection(SolutionProperties) = preSolution
		HideSolutionNode = FALSE
	EndGlobalSection
	GlobalSection(ExtensibilityGlobals) = postSolution
		SolutionGuid = {BFF33E64-35A1-4183-85B3-2D9EE2F6A28C}
	EndGlobalSection
EndGlobal
